
Microsoft Visual Studio Solution File, Format Version 12.00
# Visual Studio Version 17
VisualStudioVersion = 17.8.34316.72
MinimumVisualStudioVersion = 10.0.40219.1
Project("{FAE04EC0-301F-11D3-BF4B-00C04F79EFBC}") = "PixelPlayground", "PixelPlayground\PixelPlayground.csproj", "{E14BB6F8-5E0C-42AA-AF41-9BE13A2CD376}"
EndProject
Project("{FAE04EC0-301F-11D3-BF4B-00C04F79EFBC}") = "PixelPlayground.DataAccess", "PixelPlayground.DataAccess\PixelPlayground.DataAccess.csproj", "{5B4A34F6-9F74-45C6-90AA-DD2FB5366EAB}"
EndProject
Global
	GlobalSection(SolutionConfigurationPlatforms) = preSolution
		Debug|Any CPU = Debug|Any CPU
		Release|Any CPU = Release|Any CPU
	EndGlobalSection
	GlobalSection(ProjectConfigurationPlatforms) = postSolution
		{E14BB6F8-5E0C-42AA-AF41-9BE13A2CD376}.Debug|Any CPU.ActiveCfg = Debug|Any CPU
		{E14BB6F8-5E0C-42AA-AF41-9BE13A2CD376}.Debug|Any CPU.Build.0 = Debug|Any CPU
		{E14BB6F8-5E0C-42AA-AF41-9BE13A2CD376}.Release|Any CPU.ActiveCfg = Release|Any CPU
		{E14BB6F8-5E0C-42AA-AF41-9BE13A2CD376}.Release|Any CPU.Build.0 = Release|Any CPU
		{5B4A34F6-9F74-45C6-90AA-DD2FB5366EAB}.Debug|Any CPU.ActiveCfg = Debug|Any CPU
		{5B4A34F6-9F74-45C6-90AA-DD2FB5366EAB}.Debug|Any CPU.Build.0 = Debug|Any CPU
		{5B4A34F6-9F74-45C6-90AA-DD2FB5366EAB}.Release|Any CPU.ActiveCfg = Release|Any CPU
		{5B4A34F6-9F74-45C6-90AA-DD2FB5366EAB}.Release|Any CPU.Build.0 = Release|Any CPU
	EndGlobalSection
	GlobalSection(SolutionProperties) = preSolution
		HideSolutionNode = FALSE
	EndGlobalSection
	GlobalSection(ExtensibilityGlobals) = postSolution
		SolutionGuid = {7A549388-55BB-4197-82CA-BCF2EBC27108}
	EndGlobalSection
EndGlobal
